
Microsoft Visual Studio Solution File, Format Version 12.00
# Visual Studio Version 16
VisualStudioVersion = 16.0.32901.82
MinimumVisualStudioVersion = 10.0.40219.1
Project("{FAE04EC0-301F-11D3-BF4B-00C04F79EFBC}") = "ProblemTracking.Web", "ProblemTracking.Web\ProblemTracking.Web.csproj", "{DEEC1D2A-290E-4794-9ECA-6C06E435E926}"
EndProject
Project("{FAE04EC0-301F-11D3-BF4B-00C04F79EFBC}") = "ProblemTracking.Entity", "ProblemTracking.Entity\ProblemTracking.Entity.csproj", "{4C98BAEF-92F2-4CDF-B29D-5AEEE0D67E61}"
EndProject
Project("{FAE04EC0-301F-11D3-BF4B-00C04F79EFBC}") = "ProblemTracking.Service", "ProblemTracking.Service\ProblemTracking.Service.csproj", "{C09B890C-E82D-4ED0-81ED-19E55DA3A0D3}"
EndProject
Global
	GlobalSection(SolutionConfigurationPlatforms) = preSolution
		Debug|Any CPU = Debug|Any CPU
		Release|Any CPU = Release|Any CPU
	EndGlobalSection
	GlobalSection(ProjectConfigurationPlatforms) = postSolution
		{DEEC1D2A-290E-4794-9ECA-6C06E435E926}.Debug|Any CPU.ActiveCfg = Debug|Any CPU
		{DEEC1D2A-290E-4794-9ECA-6C06E435E926}.Debug|Any CPU.Build.0 = Debug|Any CPU
		{DEEC1D2A-290E-4794-9ECA-6C06E435E926}.Release|Any CPU.ActiveCfg = Release|Any CPU
		{DEEC1D2A-290E-4794-9ECA-6C06E435E926}.Release|Any CPU.Build.0 = Release|Any CPU
		{4C98BAEF-92F2-4CDF-B29D-5AEEE0D67E61}.Debug|Any CPU.ActiveCfg = Debug|Any CPU
		{4C98BAEF-92F2-4CDF-B29D-5AEEE0D67E61}.Debug|Any CPU.Build.0 = Debug|Any CPU
		{4C98BAEF-92F2-4CDF-B29D-5AEEE0D67E61}.Release|Any CPU.ActiveCfg = Release|Any CPU
		{4C98BAEF-92F2-4CDF-B29D-5AEEE0D67E61}.Release|Any CPU.Build.0 = Release|Any CPU
		{C09B890C-E82D-4ED0-81ED-19E55DA3A0D3}.Debug|Any CPU.ActiveCfg = Debug|Any CPU
		{C09B890C-E82D-4ED0-81ED-19E55DA3A0D3}.Debug|Any CPU.Build.0 = Debug|Any CPU
		{C09B890C-E82D-4ED0-81ED-19E55DA3A0D3}.Release|Any CPU.ActiveCfg = Release|Any CPU
		{C09B890C-E82D-4ED0-81ED-19E55DA3A0D3}.Release|Any CPU.Build.0 = Release|Any CPU
	EndGlobalSection
	GlobalSection(SolutionProperties) = preSolution
		HideSolutionNode = FALSE
	EndGlobalSection
	GlobalSection(ExtensibilityGlobals) = postSolution
		SolutionGuid = {93CBE712-AD27-4196-9F52-9835046F1E12}
	EndGlobalSection
EndGlobal
